
Microsoft Visual Studio Solution File, Format Version 12.00
# Visual Studio Version 17
VisualStudioVersion = 17.14.37516.0 d17.14
MinimumVisualStudioVersion = 10.0.40219.1
Project("{8C1136D6-9BB9-42DB-B0BF-C39D86C591E5}") = "ZigZagGame", "ZigZagGame.csproj", "{3EA1A3D9-992B-42FE-AAF2-3267B85EE585}"
EndProject
Global
	GlobalSection(SolutionConfigurationPlatforms) = preSolution
		Debug|Any CPU = Debug|Any CPU
		Release|Any CPU = Release|Any CPU
	EndGlobalSection
	GlobalSection(ProjectConfigurationPlatforms) = postSolution
		{3EA1A3D9-992B-42FE-AAF2-3267B85EE585}.Debug|Any CPU.ActiveCfg = Debug|Any CPU
		{3EA1A3D9-992B-42FE-AAF2-3267B85EE585}.Debug|Any CPU.Build.0 = Debug|Any CPU
		{3EA1A3D9-992B-42FE-AAF2-3267B85EE585}.Release|Any CPU.ActiveCfg = Release|Any CPU
		{3EA1A3D9-992B-42FE-AAF2-3267B85EE585}.Release|Any CPU.Build.0 = Release|Any CPU
	EndGlobalSection
	GlobalSection(SolutionProperties) = preSolution
		HideSolutionNode = FALSE
	EndGlobalSection
	GlobalSection(ExtensibilityGlobals) = postSolution
		SolutionGuid = {B0434171-5A5D-4C40-A9CD-19457EF29BFC}
	EndGlobalSection
EndGlobal
